{
  "version": 4,
  "terraform_version": "1.5.2",
  "serial": 5899,
  "lineage": "4842d12f-28b1-4351-8f68-53b36e89994d",
  "outputs": {},
  "resources": [
    {
      "mode": "data",
      "type": "aws_iam_policy_document",
      "name": "ecs-service-policy",
      "provider": "provider[\"registry.terraform.io/hashicorp/aws\"]",
      "instances": [
        {
          "schema_version": 0,
          "attributes": {
            "id": "258469924",
            "json": "{\n  \"Version\": \"2012-10-17\",\n  \"Statement\": [\n    {\n      \"Effect\": \"Allow\",\n      \"Action\": \"sts:AssumeRole\",\n      \"Principal\": {\n        \"Service\": \"ecs.amazonaws.com\"\n      }\n    }\n  ]\n}",
            "override_policy_documents": null,
            "policy_id": null,
            "source_policy_documents": null,
            "statement": [
              {
                "actions": [
                  "sts:AssumeRole"
                ],
                "condition": [],
                "effect": "Allow",
                "not_actions": [],
                "not_principals": [],
                "not_resources": [],
                "principals": [
                  {
                    "identifiers": [
                      "ecs.amazonaws.com"
                    ],
                    "type": "Service"
                  }
                ],
                "resources": [],
                "sid": ""
              }
            ],
            "version": "2012-10-17"
          },
          "sensitive_attributes": []
        }
      ]
    },
    {
      "mode": "data",
      "type": "template_file",
      "name": "user_data",
      "provider": "provider[\"registry.terraform.io/hashicorp/template\"]",
      "instances": [
        {
          "schema_version": 0,
          "attributes": {
            "filename": null,
            "id": "fe867af58a12214224c9de0b7a9915ee78379afead01592d54709873cfc76116",
            "rendered": "#!/bin/bash\n\nsudo amazon-linux-extras disable docker\nsudo amazon-linux-extras install docker -y\nsudo amazon-linux-extras install -y ecs; sudo systemctl enable --now --no-block ecs.service\nsleep 10\necho \"ECS_CLUSTER=ecs_cluster\" | sudo tee /etc/ecs/ecs.config\nsudo systemctl restart ecs\n",
            "template": "#!/bin/bash\n\nsudo amazon-linux-extras disable docker\nsudo amazon-linux-extras install docker -y\nsudo amazon-linux-extras install -y ecs; sudo systemctl enable --now --no-block ecs.service\nsleep 10\necho \"ECS_CLUSTER=ecs_cluster\" | sudo tee /etc/ecs/ecs.config\nsudo systemctl restart ecs\n",
            "vars": null
          },
          "sensitive_attributes": []
        }
      ]
    },
    {
      "mode": "managed",
      "type": "aws_alb",
      "name": "Internal_alb",
      "provider": "provider[\"registry.terraform.io/hashicorp/aws\"]",
      "instances": [
        {
          "schema_version": 0,
          "attributes": {
            "access_logs": [
              {
                "bucket": "",
                "enabled": false,
                "prefix": ""
              }
            ],
            "arn": "arn:aws:elasticloadbalancing:ap-south-1:980053569612:loadbalancer/app/Internal-alb/50d456cb69a2caf3",
            "arn_suffix": "app/Internal-alb/50d456cb69a2caf3",
            "customer_owned_ipv4_pool": "",
            "desync_mitigation_mode": "defensive",
            "dns_name": "internal-Internal-alb-2001701408.ap-south-1.elb.amazonaws.com",
            "drop_invalid_header_fields": false,
            "enable_cross_zone_load_balancing": true,
            "enable_deletion_protection": false,
            "enable_http2": true,
            "enable_tls_version_and_cipher_suite_headers": false,
            "enable_waf_fail_open": false,
            "enable_xff_client_port": false,
            "id": "arn:aws:elasticloadbalancing:ap-south-1:980053569612:loadbalancer/app/Internal-alb/50d456cb69a2caf3",
            "idle_timeout": 60,
            "internal": true,
            "ip_address_type": "ipv4",
            "load_balancer_type": "application",
            "name": "Internal-alb",
            "name_prefix": null,
            "preserve_host_header": false,
            "security_groups": [
              "sg-001824111a64ef081"
            ],
            "subnet_mapping": [
              {
                "allocation_id": "",
                "ipv6_address": "",
                "outpost_id": "",
                "private_ipv4_address": "",
                "subnet_id": "subnet-048910affa417184d"
              },
              {
                "allocation_id": "",
                "ipv6_address": "",
                "outpost_id": "",
                "private_ipv4_address": "",
                "subnet_id": "subnet-04a4f16cf4e0fe8e2"
              }
            ],
            "subnets": [
              "subnet-048910affa417184d",
              "subnet-04a4f16cf4e0fe8e2"
            ],
            "tags": {
              "Name": "Internal_alb"
            },
            "tags_all": {
              "Name": "Internal_alb"
            },
            "timeouts": null,
            "vpc_id": "vpc-06c0bdc427d6ecffd",
            "xff_header_processing_mode": "append",
            "zone_id": "ZP97RAFLXTNZK"
          },
          "sensitive_attributes": [],
          "private": "eyJlMmJmYjczMC1lY2FhLTExZTYtOGY4OC0zNDM2M2JjN2M0YzAiOnsiY3JlYXRlIjo2MDAwMDAwMDAwMDAsImRlbGV0ZSI6NjAwMDAwMDAwMDAwLCJ1cGRhdGUiOjYwMDAwMDAwMDAwMH19",
          "dependencies": [
            "aws_security_group.internal_load_sg",
            "aws_subnet.ecs_private_subnet",
            "aws_vpc.vpc_ecs"
          ]
        }
      ]
    },
    {
      "mode": "managed",
      "type": "aws_appautoscaling_policy",
      "name": "ecs_policy_cpu",
      "provider": "provider[\"registry.terraform.io/hashicorp/aws\"]",
      "instances": [
        {
          "schema_version": 0,
          "attributes": {
            "alarm_arns": [
              "arn:aws:cloudwatch:ap-south-1:980053569612:alarm:TargetTracking-service/ecs_cluster/aws-ecs-service-AlarmHigh-ef966a56-9298-47e7-a6a6-1976b1b89fbb",
              "arn:aws:cloudwatch:ap-south-1:980053569612:alarm:TargetTracking-service/ecs_cluster/aws-ecs-service-AlarmLow-44050886-45c1-489c-9c37-34f1177ad3cd"
            ],
            "arn": "arn:aws:autoscaling:ap-south-1:980053569612:scalingPolicy:786943e7-67f4-420f-acdd-eefc2dc891e9:resource/ecs/service/ecs_cluster/aws-ecs-service:policyName/internal-cpu-autoscaling",
            "id": "internal-cpu-autoscaling",
            "name": "internal-cpu-autoscaling",
            "policy_type": "TargetTrackingScaling",
            "resource_id": "service/ecs_cluster/aws-ecs-service",
            "scalable_dimension": "ecs:service:DesiredCount",
            "service_namespace": "ecs",
            "step_scaling_policy_configuration": [],
            "target_tracking_scaling_policy_configuration": [
              {
                "customized_metric_specification": [],
                "disable_scale_in": false,
                "predefined_metric_specification": [
                  {
                    "predefined_metric_type": "ECSServiceAverageCPUUtilization",
                    "resource_label": ""
                  }
                ],
                "scale_in_cooldown": 0,
                "scale_out_cooldown": 0,
                "target_value": 80
              }
            ]
          },
          "sensitive_attributes": [],
          "private": "bnVsbA==",
          "dependencies": [
            "aws_alb.Internal_alb",
            "aws_appautoscaling_target.ecs_target",
            "aws_ecs_cluster.ecs_cluster",
            "aws_ecs_service.aws-ecs-service",
            "aws_ecs_task_definition.task_definition",
            "aws_lb_listener.listener",
            "aws_lb_target_group.target_group",
            "aws_security_group.internal_load_sg",
            "aws_subnet.ecs_private_subnet",
            "aws_vpc.vpc_ecs"
          ]
        }
      ]
    },
    {
      "mode": "managed",
      "type": "aws_appautoscaling_policy",
      "name": "ecs_policy_memory",
      "provider": "provider[\"registry.terraform.io/hashicorp/aws\"]",
      "instances": [
        {
          "schema_version": 0,
          "attributes": {
            "alarm_arns": [
              "arn:aws:cloudwatch:ap-south-1:980053569612:alarm:TargetTracking-service/ecs_cluster/aws-ecs-service-AlarmHigh-21db2154-f08d-4d0b-84d7-f1be6bd21287",
              "arn:aws:cloudwatch:ap-south-1:980053569612:alarm:TargetTracking-service/ecs_cluster/aws-ecs-service-AlarmLow-74401f75-2337-4164-a4f3-e348d8b1cc19"
            ],
            "arn": "arn:aws:autoscaling:ap-south-1:980053569612:scalingPolicy:786943e7-67f4-420f-acdd-eefc2dc891e9:resource/ecs/service/ecs_cluster/aws-ecs-service:policyName/app-memory-autoscaling",
            "id": "app-memory-autoscaling",
            "name": "app-memory-autoscaling",
            "policy_type": "TargetTrackingScaling",
            "resource_id": "service/ecs_cluster/aws-ecs-service",
            "scalable_dimension": "ecs:service:DesiredCount",
            "service_namespace": "ecs",
            "step_scaling_policy_configuration": [],
            "target_tracking_scaling_policy_configuration": [
              {
                "customized_metric_specification": [],
                "disable_scale_in": false,
                "predefined_metric_specification": [
                  {
                    "predefined_metric_type": "ECSServiceAverageMemoryUtilization",
                    "resource_label": ""
                  }
                ],
                "scale_in_cooldown": 0,
                "scale_out_cooldown": 0,
                "target_value": 80
              }
            ]
          },
          "sensitive_attributes": [],
          "private": "bnVsbA==",
          "dependencies": [
            "aws_alb.Internal_alb",
            "aws_appautoscaling_target.ecs_target",
            "aws_ecs_cluster.ecs_cluster",
            "aws_ecs_service.aws-ecs-service",
            "aws_ecs_task_definition.task_definition",
            "aws_lb_listener.listener",
            "aws_lb_target_group.target_group",
            "aws_security_group.internal_load_sg",
            "aws_subnet.ecs_private_subnet",
            "aws_vpc.vpc_ecs"
          ]
        }
      ]
    },
    {
      "mode": "managed",
      "type": "aws_appautoscaling_target",
      "name": "ecs_target",
      "provider": "provider[\"registry.terraform.io/hashicorp/aws\"]",
      "instances": [
        {
          "schema_version": 0,
          "attributes": {
            "arn": "arn:aws:application-autoscaling:ap-south-1:980053569612:scalable-target/0ec5786943e767f4420facddeefc2dc891e9",
            "id": "service/ecs_cluster/aws-ecs-service",
            "max_capacity": 2,
            "min_capacity": 1,
            "resource_id": "service/ecs_cluster/aws-ecs-service",
            "role_arn": "arn:aws:iam::980053569612:role/aws-service-role/ecs.application-autoscaling.amazonaws.com/AWSServiceRoleForApplicationAutoScaling_ECSService",
            "scalable_dimension": "ecs:service:DesiredCount",
            "service_namespace": "ecs",
            "tags": null,
            "tags_all": {}
          },
          "sensitive_attributes": [],
          "private": "bnVsbA==",
          "dependencies": [
            "aws_alb.Internal_alb",
            "aws_ecs_cluster.ecs_cluster",
            "aws_ecs_service.aws-ecs-service",
            "aws_ecs_task_definition.task_definition",
            "aws_lb_listener.listener",
            "aws_lb_target_group.target_group",
            "aws_security_group.internal_load_sg",
            "aws_subnet.ecs_private_subnet",
            "aws_vpc.vpc_ecs"
          ]
        }
      ]
    },
    {
      "mode": "managed",
      "type": "aws_autoscaling_group",
      "name": "asg",
      "provider": "provider[\"registry.terraform.io/hashicorp/aws\"]",
      "instances": [
        {
          "schema_version": 0,
          "attributes": {
            "arn": "arn:aws:autoscaling:ap-south-1:980053569612:autoScalingGroup:2ab72b6d-4263-4961-8217-f662c7fd557a:autoScalingGroupName/asg",
            "availability_zones": [
              "ap-south-1a",
              "ap-south-1c"
            ],
            "capacity_rebalance": false,
            "context": "",
            "default_cooldown": 300,
            "default_instance_warmup": 0,
            "desired_capacity": 2,
            "desired_capacity_type": "",
            "enabled_metrics": null,
            "force_delete": false,
            "force_delete_warm_pool": false,
            "health_check_grace_period": 300,
            "health_check_type": "EC2",
            "id": "asg",
            "initial_lifecycle_hook": [],
            "instance_refresh": [],
            "launch_configuration": "worker20230711044741903800000006",
            "launch_template": [],
            "load_balancers": [],
            "max_instance_lifetime": 0,
            "max_size": 10,
            "metrics_granularity": "1Minute",
            "min_elb_capacity": null,
            "min_size": 1,
            "mixed_instances_policy": [],
            "name": "asg",
            "name_prefix": "",
            "placement_group": "",
            "predicted_capacity": 0,
            "protect_from_scale_in": true,
            "service_linked_role_arn": "arn:aws:iam::980053569612:role/aws-service-role/autoscaling.amazonaws.com/AWSServiceRoleForAutoScaling",
            "suspended_processes": null,
            "tag": [
              {
                "key": "AmazonECSManaged",
                "propagate_at_launch": true,
                "value": ""
              },
              {
                "key": "Name",
                "propagate_at_launch": true,
                "value": "ecs-instance"
              }
            ],
            "target_group_arns": [],
            "termination_policies": null,
            "timeouts": null,
            "traffic_source": [],
            "vpc_zone_identifier": [
              "subnet-048910affa417184d",
              "subnet-04a4f16cf4e0fe8e2"
            ],
            "wait_for_capacity_timeout": "10m",
            "wait_for_elb_capacity": null,
            "warm_pool": [],
            "warm_pool_size": 0
          },
          "sensitive_attributes": [],
          "private": "eyJlMmJmYjczMC1lY2FhLTExZTYtOGY4OC0zNDM2M2JjN2M0YzAiOnsiZGVsZXRlIjo2MDAwMDAwMDAwMDAsInVwZGF0ZSI6NjAwMDAwMDAwMDAwfX0=",
          "dependencies": [
            "aws_iam_instance_profile.container_instance",
            "aws_iam_role.ecs-instance-role",
            "aws_launch_configuration.Ecs_launch_config",
            "aws_security_group.ecs_sg",
            "aws_subnet.ecs_private_subnet",
            "aws_vpc.vpc_ecs",
            "data.template_file.user_data"
          ]
        }
      ]
    },
    {
      "mode": "managed",
      "type": "aws_cloudwatch_log_group",
      "name": "log-group",
      "provider": "provider[\"registry.terraform.io/hashicorp/aws\"]",
      "instances": [
        {
          "schema_version": 0,
          "attributes": {
            "arn": "arn:aws:logs:ap-south-1:980053569612:log-group:key-logs",
            "id": "key-logs",
            "kms_key_id": "",
            "name": "key-logs",
            "name_prefix": "",
            "retention_in_days": 0,
            "skip_destroy": false,
            "tags": {
              "Application": "key-logs"
            },
            "tags_all": {
              "Application": "key-logs"
            }
          },
          "sensitive_attributes": [],
          "private": "bnVsbA=="
        }
      ]
    },
    {
      "mode": "managed",
      "type": "aws_db_subnet_group",
      "name": "subnet_group_rds",
      "provider": "provider[\"registry.terraform.io/hashicorp/aws\"]",
      "instances": [
        {
          "schema_version": 0,
          "attributes": {
            "arn": "arn:aws:rds:ap-south-1:980053569612:subgrp:subnet_group_rds",
            "description": "subnet_group_rds",
            "id": "subnet_group_rds",
            "name": "subnet_group_rds",
            "name_prefix": "",
            "subnet_ids": [
              "subnet-048910affa417184d",
              "subnet-04a4f16cf4e0fe8e2"
            ],
            "supported_network_types": [
              "IPV4"
            ],
            "tags": null,
            "tags_all": {},
            "vpc_id": "vpc-06c0bdc427d6ecffd"
          },
          "sensitive_attributes": [],
          "private": "bnVsbA==",
          "dependencies": [
            "aws_subnet.ecs_private_subnet",
            "aws_vpc.vpc_ecs"
          ]
        }
      ]
    },
    {
      "mode": "managed",
      "type": "aws_ecs_capacity_provider",
      "name": "capacity_provider",
      "provider": "provider[\"registry.terraform.io/hashicorp/aws\"]",
      "instances": [
        {
          "schema_version": 0,
          "attributes": {
            "arn": "arn:aws:ecs:ap-south-1:980053569612:capacity-provider/capacity_provider",
            "auto_scaling_group_provider": [
              {
                "auto_scaling_group_arn": "arn:aws:autoscaling:ap-south-1:980053569612:autoScalingGroup:2ab72b6d-4263-4961-8217-f662c7fd557a:autoScalingGroupName/asg",
                "managed_scaling": [
                  {
                    "instance_warmup_period": 0,
                    "maximum_scaling_step_size": 4,
                    "minimum_scaling_step_size": 1,
                    "status": "ENABLED",
                    "target_capacity": 2
                  }
                ],
                "managed_termination_protection": "ENABLED"
              }
            ],
            "id": "arn:aws:ecs:ap-south-1:980053569612:capacity-provider/capacity_provider",
            "name": "capacity_provider",
            "tags": null,
            "tags_all": {}
          },
          "sensitive_attributes": [],
          "private": "bnVsbA==",
          "dependencies": [
            "aws_autoscaling_group.asg",
            "aws_iam_instance_profile.container_instance",
            "aws_iam_role.ecs-instance-role",
            "aws_launch_configuration.Ecs_launch_config",
            "aws_security_group.ecs_sg",
            "aws_subnet.ecs_private_subnet",
            "aws_vpc.vpc_ecs",
            "data.template_file.user_data"
          ]
        }
      ]
    },
    {
      "mode": "managed",
      "type": "aws_ecs_cluster",
      "name": "ecs_cluster",
      "provider": "provider[\"registry.terraform.io/hashicorp/aws\"]",
      "instances": [
        {
          "schema_version": 0,
          "attributes": {
            "arn": "arn:aws:ecs:ap-south-1:980053569612:cluster/ecs_cluster",
            "configuration": [],
            "id": "arn:aws:ecs:ap-south-1:980053569612:cluster/ecs_cluster",
            "name": "ecs_cluster",
            "service_connect_defaults": [],
            "setting": [
              {
                "name": "containerInsights",
                "value": "disabled"
              }
            ],
            "tags": {
              "key": "ecs",
              "value": "cluster"
            },
            "tags_all": {
              "key": "ecs",
              "value": "cluster"
            }
          },
          "sensitive_attributes": [],
          "private": "bnVsbA=="
        }
      ]
    },
    {
      "mode": "managed",
      "type": "aws_ecs_cluster_capacity_providers",
      "name": "cluster",
      "provider": "provider[\"registry.terraform.io/hashicorp/aws\"]",
      "instances": [
        {
          "schema_version": 0,
          "attributes": {
            "capacity_providers": [
              "capacity_provider"
            ],
            "cluster_name": "ecs_cluster",
            "default_capacity_provider_strategy": [
              {
                "base": 1,
                "capacity_provider": "capacity_provider",
                "weight": 100
              }
            ],
            "id": "ecs_cluster"
          },
          "sensitive_attributes": [],
          "private": "bnVsbA==",
          "dependencies": [
            "aws_autoscaling_group.asg",
            "aws_ecs_capacity_provider.capacity_provider",
            "aws_ecs_cluster.ecs_cluster",
            "aws_iam_instance_profile.container_instance",
            "aws_iam_role.ecs-instance-role",
            "aws_launch_configuration.Ecs_launch_config",
            "aws_security_group.ecs_sg",
            "aws_subnet.ecs_private_subnet",
            "aws_vpc.vpc_ecs",
            "data.template_file.user_data"
          ]
        }
      ]
    },
    {
      "mode": "managed",
      "type": "aws_ecs_service",
      "name": "aws-ecs-service",
      "provider": "provider[\"registry.terraform.io/hashicorp/aws\"]",
      "instances": [
        {
          "schema_version": 0,
          "attributes": {
            "alarms": [],
            "capacity_provider_strategy": [],
            "cluster": "arn:aws:ecs:ap-south-1:980053569612:cluster/ecs_cluster",
            "deployment_circuit_breaker": [
              {
                "enable": false,
                "rollback": false
              }
            ],
            "deployment_controller": [
              {
                "type": "ECS"
              }
            ],
            "deployment_maximum_percent": 200,
            "deployment_minimum_healthy_percent": 100,
            "desired_count": 1,
            "enable_ecs_managed_tags": false,
            "enable_execute_command": false,
            "force_new_deployment": true,
            "health_check_grace_period_seconds": 0,
            "iam_role": "/aws-service-role/ecs.amazonaws.com/AWSServiceRoleForECS",
            "id": "arn:aws:ecs:ap-south-1:980053569612:service/ecs_cluster/aws-ecs-service",
            "launch_type": "EC2",
            "load_balancer": [
              {
                "container_name": "worker",
                "container_port": 8080,
                "elb_name": "",
                "target_group_arn": "arn:aws:elasticloadbalancing:ap-south-1:980053569612:targetgroup/internal-lb-tg/1d0353aa3c77cbf3"
              }
            ],
            "name": "aws-ecs-service",
            "network_configuration": [],
            "ordered_placement_strategy": [],
            "placement_constraints": [],
            "platform_version": "",
            "propagate_tags": "NONE",
            "scheduling_strategy": "REPLICA",
            "service_connect_configuration": [],
            "service_registries": [],
            "tags": null,
            "tags_all": {},
            "task_definition": "arn:aws:ecs:ap-south-1:980053569612:task-definition/worker:91",
            "timeouts": null,
            "triggers": {},
            "wait_for_steady_state": false
          },
          "sensitive_attributes": [],
          "private": "eyJlMmJmYjczMC1lY2FhLTExZTYtOGY4OC0zNDM2M2JjN2M0YzAiOnsiY3JlYXRlIjoxMjAwMDAwMDAwMDAwLCJkZWxldGUiOjEyMDAwMDAwMDAwMDAsInVwZGF0ZSI6MTIwMDAwMDAwMDAwMH19",
          "dependencies": [
            "aws_alb.Internal_alb",
            "aws_ecs_cluster.ecs_cluster",
            "aws_ecs_task_definition.task_definition",
            "aws_lb_listener.listener",
            "aws_lb_target_group.target_group",
            "aws_security_group.internal_load_sg",
            "aws_subnet.ecs_private_subnet",
            "aws_vpc.vpc_ecs"
          ]
        }
      ]
    },
    {
      "mode": "managed",
      "type": "aws_ecs_task_definition",
      "name": "task_definition",
      "provider": "provider[\"registry.terraform.io/hashicorp/aws\"]",
      "instances": [
        {
          "schema_version": 1,
          "attributes": {
            "arn": "arn:aws:ecs:ap-south-1:980053569612:task-definition/worker:91",
            "arn_without_revision": "arn:aws:ecs:ap-south-1:980053569612:task-definition/worker",
            "container_definitions": "[{\"cpu\":256,\"environment\":[],\"essential\":true,\"image\":\"980053569612.dkr.ecr.ap-south-1.amazonaws.com/test\",\"memory\":128,\"mountPoints\":[],\"name\":\"worker\",\"portMappings\":[{\"containerPort\":8080,\"hostPort\":8080,\"protocol\":\"tcp\"}],\"volumesFrom\":[]}]",
            "cpu": "",
            "ephemeral_storage": [],
            "execution_role_arn": "",
            "family": "worker",
            "id": "worker",
            "inference_accelerator": [],
            "ipc_mode": "",
            "memory": "",
            "network_mode": "bridge",
            "pid_mode": "",
            "placement_constraints": [],
            "proxy_configuration": [],
            "requires_compatibilities": [
              "EC2"
            ],
            "revision": 91,
            "runtime_platform": [],
            "skip_destroy": false,
            "tags": null,
            "tags_all": {},
            "task_role_arn": "",
            "volume": []
          },
          "sensitive_attributes": [],
          "private": "eyJzY2hlbWFfdmVyc2lvbiI6IjEifQ=="
        }
      ]
    },
    {
      "mode": "managed",
      "type": "aws_efs_file_system",
      "name": "mysql-data",
      "provider": "provider[\"registry.terraform.io/hashicorp/aws\"]",
      "instances": [
        {
          "schema_version": 0,
          "attributes": {
            "arn": "arn:aws:elasticfilesystem:ap-south-1:980053569612:file-system/fs-06c51e8508ff4a138",
            "availability_zone_id": "",
            "availability_zone_name": "",
            "creation_token": "es-persistent-data",
            "dns_name": "fs-06c51e8508ff4a138.efs.ap-south-1.amazonaws.com",
            "encrypted": false,
            "id": "fs-06c51e8508ff4a138",
            "kms_key_id": "",
            "lifecycle_policy": [],
            "number_of_mount_targets": 0,
            "owner_id": "980053569612",
            "performance_mode": "generalPurpose",
            "provisioned_throughput_in_mibps": 0,
            "size_in_bytes": [
              {
                "value": 6144,
                "value_in_ia": 0,
                "value_in_standard": 6144
              }
            ],
            "tags": {
              "Name": "mysql-data"
            },
            "tags_all": {
              "Name": "mysql-data"
            },
            "throughput_mode": "bursting"
          },
          "sensitive_attributes": [],
          "private": "bnVsbA=="
        }
      ]
    },
    {
      "mode": "managed",
      "type": "aws_efs_mount_target",
      "name": "mysql-tg",
      "provider": "provider[\"registry.terraform.io/hashicorp/aws\"]",
      "instances": [
        {
          "index_key": 0,
          "schema_version": 0,
          "attributes": {
            "availability_zone_id": "aps1-az1",
            "availability_zone_name": "ap-south-1a",
            "dns_name": "fs-06c51e8508ff4a138.efs.ap-south-1.amazonaws.com",
            "file_system_arn": "arn:aws:elasticfilesystem:ap-south-1:980053569612:file-system/fs-06c51e8508ff4a138",
            "file_system_id": "fs-06c51e8508ff4a138",
            "id": "fsmt-04f46273ac6b7db84",
            "ip_address": "10.13.3.186",
            "mount_target_dns_name": "ap-south-1a.fs-06c51e8508ff4a138.efs.ap-south-1.amazonaws.com",
            "network_interface_id": "eni-02982c0a6432bf272",
            "owner_id": "980053569612",
            "security_groups": [
              "sg-082a8088a8f579d47"
            ],
            "subnet_id": "subnet-048910affa417184d",
            "timeouts": null
          },
          "sensitive_attributes": [],
          "private": "eyJlMmJmYjczMC1lY2FhLTExZTYtOGY4OC0zNDM2M2JjN2M0YzAiOnsiY3JlYXRlIjoxODAwMDAwMDAwMDAwLCJkZWxldGUiOjYwMDAwMDAwMDAwMH19",
          "dependencies": [
            "aws_efs_file_system.mysql-data",
            "aws_subnet.ecs_private_subnet",
            "aws_vpc.vpc_ecs"
          ]
        },
        {
          "index_key": 1,
          "schema_version": 0,
          "attributes": {
            "availability_zone_id": "aps1-az2",
            "availability_zone_name": "ap-south-1c",
            "dns_name": "fs-06c51e8508ff4a138.efs.ap-south-1.amazonaws.com",
            "file_system_arn": "arn:aws:elasticfilesystem:ap-south-1:980053569612:file-system/fs-06c51e8508ff4a138",
            "file_system_id": "fs-06c51e8508ff4a138",
            "id": "fsmt-0074946a9a9998d8a",
            "ip_address": "10.13.4.60",
            "mount_target_dns_name": "ap-south-1c.fs-06c51e8508ff4a138.efs.ap-south-1.amazonaws.com",
            "network_interface_id": "eni-0fcbb51304e64d690",
            "owner_id": "980053569612",
            "security_groups": [
              "sg-082a8088a8f579d47"
            ],
            "subnet_id": "subnet-04a4f16cf4e0fe8e2",
            "timeouts": null
          },
          "sensitive_attributes": [],
          "private": "eyJlMmJmYjczMC1lY2FhLTExZTYtOGY4OC0zNDM2M2JjN2M0YzAiOnsiY3JlYXRlIjoxODAwMDAwMDAwMDAwLCJkZWxldGUiOjYwMDAwMDAwMDAwMH19",
          "dependencies": [
            "aws_efs_file_system.mysql-data",
            "aws_subnet.ecs_private_subnet",
            "aws_vpc.vpc_ecs"
          ]
        }
      ]
    },
    {
      "mode": "managed",
      "type": "aws_iam_instance_profile",
      "name": "container_instance",
      "provider": "provider[\"registry.terraform.io/hashicorp/aws\"]",
      "instances": [
        {
          "schema_version": 0,
          "attributes": {
            "arn": "arn:aws:iam::980053569612:instance-profile/ecs-instance-role",
            "create_date": "2023-07-11T04:47:30Z",
            "id": "ecs-instance-role",
            "name": "ecs-instance-role",
            "name_prefix": "",
            "path": "/",
            "role": "ecs-instance-role",
            "tags": null,
            "tags_all": {},
            "unique_id": "AIPA6IL56WBGDMP36BHEH"
          },
          "sensitive_attributes": [],
          "private": "bnVsbA==",
          "dependencies": [
            "aws_iam_role.ecs-instance-role"
          ]
        }
      ]
    },
    {
      "mode": "managed",
      "type": "aws_iam_role",
      "name": "ecs-instance-role",
      "provider": "provider[\"registry.terraform.io/hashicorp/aws\"]",
      "instances": [
        {
          "schema_version": 0,
          "attributes": {
            "arn": "arn:aws:iam::980053569612:role/ecs-instance-role",
            "assume_role_policy": "{\"Statement\":[{\"Action\":\"sts:AssumeRole\",\"Effect\":\"Allow\",\"Principal\":{\"Service\":[\"ec2.amazonaws.com\"]}}],\"Version\":\"2008-10-17\"}",
            "create_date": "2023-07-11T04:47:28Z",
            "description": "",
            "force_detach_policies": false,
            "id": "ecs-instance-role",
            "inline_policy": [],
            "managed_policy_arns": [],
            "max_session_duration": 3600,
            "name": "ecs-instance-role",
            "name_prefix": "",
            "path": "/",
            "permissions_boundary": null,
            "tags": null,
            "tags_all": {},
            "unique_id": "AROA6IL56WBGDKQ6FSVKA"
          },
          "sensitive_attributes": [],
          "private": "bnVsbA=="
        }
      ]
    },
    {
      "mode": "managed",
      "type": "aws_iam_role",
      "name": "ecs-service-role",
      "provider": "provider[\"registry.terraform.io/hashicorp/aws\"]",
      "instances": [
        {
          "schema_version": 0,
          "attributes": {
            "arn": "arn:aws:iam::980053569612:role/ecs-service-role",
            "assume_role_policy": "{\"Statement\":[{\"Action\":\"sts:AssumeRole\",\"Effect\":\"Allow\",\"Principal\":{\"Service\":\"ecs.amazonaws.com\"}}],\"Version\":\"2012-10-17\"}",
            "create_date": "2023-07-11T04:47:28Z",
            "description": "",
            "force_detach_policies": false,
            "id": "ecs-service-role",
            "inline_policy": [],
            "managed_policy_arns": [],
            "max_session_duration": 3600,
            "name": "ecs-service-role",
            "name_prefix": "",
            "path": "/",
            "permissions_boundary": null,
            "tags": null,
            "tags_all": {},
            "unique_id": "AROA6IL56WBGLDVTXNUPO"
          },
          "sensitive_attributes": [],
          "private": "bnVsbA==",
          "dependencies": [
            "data.aws_iam_policy_document.ecs-service-policy"
          ]
        }
      ]
    },
    {
      "mode": "managed",
      "type": "aws_iam_role_policy_attachment",
      "name": "ecs-instance-role-policy",
      "provider": "provider[\"registry.terraform.io/hashicorp/aws\"]",
      "instances": [
        {
          "schema_version": 0,
          "attributes": {
            "id": "ecs-instance-role-20230711044730328600000002",
            "policy_arn": "arn:aws:iam::aws:policy/service-role/AmazonEC2ContainerServiceforEC2Role",
            "role": "ecs-instance-role"
          },
          "sensitive_attributes": [],
          "private": "bnVsbA==",
          "dependencies": [
            "aws_iam_role.ecs-instance-role"
          ]
        }
      ]
    },
    {
      "mode": "managed",
      "type": "aws_iam_role_policy_attachment",
      "name": "ecs-service-role-attachment",
      "provider": "provider[\"registry.terraform.io/hashicorp/aws\"]",
      "instances": [
        {
          "schema_version": 0,
          "attributes": {
            "id": "ecs-service-role-20230711044730327900000001",
            "policy_arn": "arn:aws:iam::aws:policy/service-role/AmazonEC2ContainerServiceRole",
            "role": "ecs-service-role"
          },
          "sensitive_attributes": [],
          "private": "bnVsbA==",
          "dependencies": [
            "aws_iam_role.ecs-service-role",
            "data.aws_iam_policy_document.ecs-service-policy"
          ]
        }
      ]
    },
    {
      "mode": "managed",
      "type": "aws_internet_gateway",
      "name": "ecs-igw",
      "provider": "provider[\"registry.terraform.io/hashicorp/aws\"]",
      "instances": [
        {
          "schema_version": 0,
          "attributes": {
            "arn": "arn:aws:ec2:ap-south-1:980053569612:internet-gateway/igw-04986c54f7d028c1c",
            "id": "igw-04986c54f7d028c1c",
            "owner_id": "980053569612",
            "tags": {
              "Name": "ecs-igw"
            },
            "tags_all": {
              "Name": "ecs-igw"
            },
            "timeouts": null,
            "vpc_id": "vpc-06c0bdc427d6ecffd"
          },
          "sensitive_attributes": [],
          "private": "eyJlMmJmYjczMC1lY2FhLTExZTYtOGY4OC0zNDM2M2JjN2M0YzAiOnsiY3JlYXRlIjoxMjAwMDAwMDAwMDAwLCJkZWxldGUiOjEyMDAwMDAwMDAwMDAsInVwZGF0ZSI6MTIwMDAwMDAwMDAwMH19",
          "dependencies": [
            "aws_vpc.vpc_ecs"
          ]
        }
      ]
    },
    {
      "mode": "managed",
      "type": "aws_launch_configuration",
      "name": "Ecs_launch_config",
      "provider": "provider[\"registry.terraform.io/hashicorp/aws\"]",
      "instances": [
        {
          "schema_version": 0,
          "attributes": {
            "arn": "arn:aws:autoscaling:ap-south-1:980053569612:launchConfiguration:203cfba9-e685-4757-8ef5-b37f1fa96a7d:launchConfigurationName/worker20230711044741903800000006",
            "associate_public_ip_address": false,
            "ebs_block_device": [],
            "ebs_optimized": false,
            "enable_monitoring": true,
            "ephemeral_block_device": [],
            "iam_instance_profile": "arn:aws:iam::980053569612:instance-profile/ecs-instance-role",
            "id": "worker20230711044741903800000006",
            "image_id": "ami-006935d9a6773e4ec",
            "instance_type": "t3.micro",
            "key_name": "",
            "metadata_options": [],
            "name": "worker20230711044741903800000006",
            "name_prefix": "worker",
            "placement_tenancy": "",
            "root_block_device": [
              {
                "delete_on_termination": true,
                "encrypted": false,
                "iops": 0,
                "throughput": 0,
                "volume_size": 30,
                "volume_type": "gp2"
              }
            ],
            "security_groups": [
              "sg-0d02e99fb57cd5a3a"
            ],
            "spot_price": "",
            "user_data": "8ddb8c74f86da5b000571cd8ac374b663c73ba28",
            "user_data_base64": null
          },
          "sensitive_attributes": [],
          "private": "bnVsbA==",
          "dependencies": [
            "aws_iam_instance_profile.container_instance",
            "aws_iam_role.ecs-instance-role",
            "aws_security_group.ecs_sg",
            "aws_vpc.vpc_ecs",
            "data.template_file.user_data"
          ]
        }
      ]
    },
    {
      "mode": "managed",
      "type": "aws_lb_listener",
      "name": "listener",
      "provider": "provider[\"registry.terraform.io/hashicorp/aws\"]",
      "instances": [
        {
          "schema_version": 0,
          "attributes": {
            "alpn_policy": null,
            "arn": "arn:aws:elasticloadbalancing:ap-south-1:980053569612:listener/app/Internal-alb/50d456cb69a2caf3/66bcebb8b8852f3a",
            "certificate_arn": null,
            "default_action": [
              {
                "authenticate_cognito": [],
                "authenticate_oidc": [],
                "fixed_response": [],
                "forward": [],
                "order": 1,
                "redirect": [],
                "target_group_arn": "arn:aws:elasticloadbalancing:ap-south-1:980053569612:targetgroup/internal-lb-tg/1d0353aa3c77cbf3",
                "type": "forward"
              }
            ],
            "id": "arn:aws:elasticloadbalancing:ap-south-1:980053569612:listener/app/Internal-alb/50d456cb69a2caf3/66bcebb8b8852f3a",
            "load_balancer_arn": "arn:aws:elasticloadbalancing:ap-south-1:980053569612:loadbalancer/app/Internal-alb/50d456cb69a2caf3",
            "port": 80,
            "protocol": "HTTP",
            "ssl_policy": "",
            "tags": null,
            "tags_all": {},
            "timeouts": null
          },
          "sensitive_attributes": [],
          "private": "eyJlMmJmYjczMC1lY2FhLTExZTYtOGY4OC0zNDM2M2JjN2M0YzAiOnsicmVhZCI6NjAwMDAwMDAwMDAwfX0=",
          "dependencies": [
            "aws_alb.Internal_alb",
            "aws_lb_target_group.target_group",
            "aws_security_group.internal_load_sg",
            "aws_subnet.ecs_private_subnet",
            "aws_vpc.vpc_ecs"
          ]
        }
      ]
    },
    {
      "mode": "managed",
      "type": "aws_lb_target_group",
      "name": "target_group",
      "provider": "provider[\"registry.terraform.io/hashicorp/aws\"]",
      "instances": [
        {
          "schema_version": 0,
          "attributes": {
            "arn": "arn:aws:elasticloadbalancing:ap-south-1:980053569612:targetgroup/internal-lb-tg/1d0353aa3c77cbf3",
            "arn_suffix": "targetgroup/internal-lb-tg/1d0353aa3c77cbf3",
            "connection_termination": false,
            "deregistration_delay": "300",
            "health_check": [
              {
                "enabled": true,
                "healthy_threshold": 3,
                "interval": 300,
                "matcher": "200",
                "path": "/v1/status",
                "port": "traffic-port",
                "protocol": "HTTP",
                "timeout": 3,
                "unhealthy_threshold": 2
              }
            ],
            "id": "arn:aws:elasticloadbalancing:ap-south-1:980053569612:targetgroup/internal-lb-tg/1d0353aa3c77cbf3",
            "ip_address_type": "ipv4",
            "lambda_multi_value_headers_enabled": false,
            "load_balancing_algorithm_type": "round_robin",
            "load_balancing_cross_zone_enabled": "use_load_balancer_configuration",
            "name": "internal-lb-tg",
            "name_prefix": null,
            "port": 80,
            "preserve_client_ip": null,
            "protocol": "HTTP",
            "protocol_version": "HTTP1",
            "proxy_protocol_v2": false,
            "slow_start": 0,
            "stickiness": [
              {
                "cookie_duration": 86400,
                "cookie_name": "",
                "enabled": false,
                "type": "lb_cookie"
              }
            ],
            "tags": {
              "Name": "internal-lb-tg"
            },
            "tags_all": {
              "Name": "internal-lb-tg"
            },
            "target_failover": [
              {
                "on_deregistration": null,
                "on_unhealthy": null
              }
            ],
            "target_type": "instance",
            "vpc_id": "vpc-06c0bdc427d6ecffd"
          },
          "sensitive_attributes": [],
          "private": "bnVsbA==",
          "dependencies": [
            "aws_vpc.vpc_ecs"
          ]
        }
      ]
    },
    {
      "mode": "managed",
      "type": "aws_route_table",
      "name": "ecs_private_rt",
      "provider": "provider[\"registry.terraform.io/hashicorp/aws\"]",
      "instances": [
        {
          "schema_version": 0,
          "attributes": {
            "arn": "arn:aws:ec2:ap-south-1:980053569612:route-table/rtb-0898940cb890bb79b",
            "id": "rtb-0898940cb890bb79b",
            "owner_id": "980053569612",
            "propagating_vgws": [],
            "route": [
              {
                "carrier_gateway_id": "",
                "cidr_block": "0.0.0.0/0",
                "core_network_arn": "",
                "destination_prefix_list_id": "",
                "egress_only_gateway_id": "",
                "gateway_id": "igw-04986c54f7d028c1c",
                "ipv6_cidr_block": "",
                "local_gateway_id": "",
                "nat_gateway_id": "",
                "network_interface_id": "",
                "transit_gateway_id": "",
                "vpc_endpoint_id": "",
                "vpc_peering_connection_id": ""
              }
            ],
            "tags": {
              "Name": "ecs_private_rt"
            },
            "tags_all": {
              "Name": "ecs_private_rt"
            },
            "timeouts": null,
            "vpc_id": "vpc-06c0bdc427d6ecffd"
          },
          "sensitive_attributes": [],
          "private": "eyJlMmJmYjczMC1lY2FhLTExZTYtOGY4OC0zNDM2M2JjN2M0YzAiOnsiY3JlYXRlIjozMDAwMDAwMDAwMDAsImRlbGV0ZSI6MzAwMDAwMDAwMDAwLCJ1cGRhdGUiOjEyMDAwMDAwMDAwMH19",
          "dependencies": [
            "aws_internet_gateway.ecs-igw",
            "aws_vpc.vpc_ecs"
          ]
        }
      ]
    },
    {
      "mode": "managed",
      "type": "aws_route_table",
      "name": "ecs_public_rt",
      "provider": "provider[\"registry.terraform.io/hashicorp/aws\"]",
      "instances": [
        {
          "schema_version": 0,
          "attributes": {
            "arn": "arn:aws:ec2:ap-south-1:980053569612:route-table/rtb-00cf2880120328405",
            "id": "rtb-00cf2880120328405",
            "owner_id": "980053569612",
            "propagating_vgws": [],
            "route": [
              {
                "carrier_gateway_id": "",
                "cidr_block": "0.0.0.0/0",
                "core_network_arn": "",
                "destination_prefix_list_id": "",
                "egress_only_gateway_id": "",
                "gateway_id": "igw-04986c54f7d028c1c",
                "ipv6_cidr_block": "",
                "local_gateway_id": "",
                "nat_gateway_id": "",
                "network_interface_id": "",
                "transit_gateway_id": "",
                "vpc_endpoint_id": "",
                "vpc_peering_connection_id": ""
              }
            ],
            "tags": {
              "Name": "ecs_public_rt"
            },
            "tags_all": {
              "Name": "ecs_public_rt"
            },
            "timeouts": null,
            "vpc_id": "vpc-06c0bdc427d6ecffd"
          },
          "sensitive_attributes": [],
          "private": "eyJlMmJmYjczMC1lY2FhLTExZTYtOGY4OC0zNDM2M2JjN2M0YzAiOnsiY3JlYXRlIjozMDAwMDAwMDAwMDAsImRlbGV0ZSI6MzAwMDAwMDAwMDAwLCJ1cGRhdGUiOjEyMDAwMDAwMDAwMH19",
          "dependencies": [
            "aws_internet_gateway.ecs-igw",
            "aws_vpc.vpc_ecs"
          ]
        }
      ]
    },
    {
      "mode": "managed",
      "type": "aws_route_table_association",
      "name": "a",
      "provider": "provider[\"registry.terraform.io/hashicorp/aws\"]",
      "instances": [
        {
          "index_key": 0,
          "schema_version": 0,
          "attributes": {
            "gateway_id": "",
            "id": "rtbassoc-08950248c3910b212",
            "route_table_id": "rtb-00cf2880120328405",
            "subnet_id": "subnet-0a2c1673f763b769d",
            "timeouts": null
          },
          "sensitive_attributes": [],
          "private": "eyJlMmJmYjczMC1lY2FhLTExZTYtOGY4OC0zNDM2M2JjN2M0YzAiOnsiY3JlYXRlIjozMDAwMDAwMDAwMDAsImRlbGV0ZSI6MzAwMDAwMDAwMDAwLCJ1cGRhdGUiOjEyMDAwMDAwMDAwMH19",
          "dependencies": [
            "aws_internet_gateway.ecs-igw",
            "aws_route_table.ecs_public_rt",
            "aws_subnet.ecs_public_subnet",
            "aws_vpc.vpc_ecs"
          ]
        },
        {
          "index_key": 1,
          "schema_version": 0,
          "attributes": {
            "gateway_id": "",
            "id": "rtbassoc-005b454d8db278fc7",
            "route_table_id": "rtb-00cf2880120328405",
            "subnet_id": "subnet-0cc99c7dac0c308a0",
            "timeouts": null
          },
          "sensitive_attributes": [],
          "private": "eyJlMmJmYjczMC1lY2FhLTExZTYtOGY4OC0zNDM2M2JjN2M0YzAiOnsiY3JlYXRlIjozMDAwMDAwMDAwMDAsImRlbGV0ZSI6MzAwMDAwMDAwMDAwLCJ1cGRhdGUiOjEyMDAwMDAwMDAwMH19",
          "dependencies": [
            "aws_internet_gateway.ecs-igw",
            "aws_route_table.ecs_public_rt",
            "aws_subnet.ecs_public_subnet",
            "aws_vpc.vpc_ecs"
          ]
        }
      ]
    },
    {
      "mode": "managed",
      "type": "aws_route_table_association",
      "name": "b",
      "provider": "provider[\"registry.terraform.io/hashicorp/aws\"]",
      "instances": [
        {
          "index_key": 0,
          "schema_version": 0,
          "attributes": {
            "gateway_id": "",
            "id": "rtbassoc-0664f6d58a9ea80ac",
            "route_table_id": "rtb-0898940cb890bb79b",
            "subnet_id": "subnet-048910affa417184d",
            "timeouts": null
          },
          "sensitive_attributes": [],
          "private": "eyJlMmJmYjczMC1lY2FhLTExZTYtOGY4OC0zNDM2M2JjN2M0YzAiOnsiY3JlYXRlIjozMDAwMDAwMDAwMDAsImRlbGV0ZSI6MzAwMDAwMDAwMDAwLCJ1cGRhdGUiOjEyMDAwMDAwMDAwMH19",
          "dependencies": [
            "aws_internet_gateway.ecs-igw",
            "aws_route_table.ecs_private_rt",
            "aws_subnet.ecs_private_subnet",
            "aws_vpc.vpc_ecs"
          ]
        },
        {
          "index_key": 1,
          "schema_version": 0,
          "attributes": {
            "gateway_id": "",
            "id": "rtbassoc-0210abfa1b1aae67c",
            "route_table_id": "rtb-0898940cb890bb79b",
            "subnet_id": "subnet-04a4f16cf4e0fe8e2",
            "timeouts": null
          },
          "sensitive_attributes": [],
          "private": "eyJlMmJmYjczMC1lY2FhLTExZTYtOGY4OC0zNDM2M2JjN2M0YzAiOnsiY3JlYXRlIjozMDAwMDAwMDAwMDAsImRlbGV0ZSI6MzAwMDAwMDAwMDAwLCJ1cGRhdGUiOjEyMDAwMDAwMDAwMH19",
          "dependencies": [
            "aws_internet_gateway.ecs-igw",
            "aws_route_table.ecs_private_rt",
            "aws_subnet.ecs_private_subnet",
            "aws_vpc.vpc_ecs"
          ]
        }
      ]
    },
    {
      "mode": "managed",
      "type": "aws_security_group",
      "name": "ecs_sg",
      "provider": "provider[\"registry.terraform.io/hashicorp/aws\"]",
      "instances": [
        {
          "schema_version": 1,
          "attributes": {
            "arn": "arn:aws:ec2:ap-south-1:980053569612:security-group/sg-0d02e99fb57cd5a3a",
            "description": "Managed by Terraform",
            "egress": [
              {
                "cidr_blocks": [
                  "0.0.0.0/0"
                ],
                "description": "",
                "from_port": 0,
                "ipv6_cidr_blocks": [],
                "prefix_list_ids": [],
                "protocol": "tcp",
                "security_groups": [],
                "self": false,
                "to_port": 65535
              }
            ],
            "id": "sg-0d02e99fb57cd5a3a",
            "ingress": [
              {
                "cidr_blocks": [
                  "0.0.0.0/0"
                ],
                "description": "",
                "from_port": 22,
                "ipv6_cidr_blocks": [],
                "prefix_list_ids": [],
                "protocol": "tcp",
                "security_groups": [],
                "self": false,
                "to_port": 22
              },
              {
                "cidr_blocks": [
                  "0.0.0.0/0"
                ],
                "description": "",
                "from_port": 443,
                "ipv6_cidr_blocks": [],
                "prefix_list_ids": [],
                "protocol": "tcp",
                "security_groups": [],
                "self": false,
                "to_port": 443
              }
            ],
            "name": "terraform-20230711044739779600000004",
            "name_prefix": "terraform-",
            "owner_id": "980053569612",
            "revoke_rules_on_delete": false,
            "tags": {
              "Name": "ecs_sg"
            },
            "tags_all": {
              "Name": "ecs_sg"
            },
            "timeouts": null,
            "vpc_id": "vpc-06c0bdc427d6ecffd"
          },
          "sensitive_attributes": [],
          "private": "eyJlMmJmYjczMC1lY2FhLTExZTYtOGY4OC0zNDM2M2JjN2M0YzAiOnsiY3JlYXRlIjo2MDAwMDAwMDAwMDAsImRlbGV0ZSI6OTAwMDAwMDAwMDAwfSwic2NoZW1hX3ZlcnNpb24iOiIxIn0=",
          "dependencies": [
            "aws_vpc.vpc_ecs"
          ]
        }
      ]
    },
    {
      "mode": "managed",
      "type": "aws_security_group",
      "name": "internal_load_sg",
      "provider": "provider[\"registry.terraform.io/hashicorp/aws\"]",
      "instances": [
        {
          "schema_version": 1,
          "attributes": {
            "arn": "arn:aws:ec2:ap-south-1:980053569612:security-group/sg-001824111a64ef081",
            "description": "Managed by Terraform",
            "egress": [
              {
                "cidr_blocks": [
                  "0.0.0.0/0"
                ],
                "description": "",
                "from_port": 0,
                "ipv6_cidr_blocks": [],
                "prefix_list_ids": [],
                "protocol": "tcp",
                "security_groups": [],
                "self": false,
                "to_port": 80
              }
            ],
            "id": "sg-001824111a64ef081",
            "ingress": [
              {
                "cidr_blocks": [
                  "0.0.0.0/0"
                ],
                "description": "",
                "from_port": 8080,
                "ipv6_cidr_blocks": [],
                "prefix_list_ids": [],
                "protocol": "tcp",
                "security_groups": [],
                "self": false,
                "to_port": 8080
              }
            ],
            "name": "terraform-20230711044739772700000003",
            "name_prefix": "terraform-",
            "owner_id": "980053569612",
            "revoke_rules_on_delete": false,
            "tags": {
              "Name": "internal_load_sg"
            },
            "tags_all": {
              "Name": "internal_load_sg"
            },
            "timeouts": null,
            "vpc_id": "vpc-06c0bdc427d6ecffd"
          },
          "sensitive_attributes": [],
          "private": "eyJlMmJmYjczMC1lY2FhLTExZTYtOGY4OC0zNDM2M2JjN2M0YzAiOnsiY3JlYXRlIjo2MDAwMDAwMDAwMDAsImRlbGV0ZSI6OTAwMDAwMDAwMDAwfSwic2NoZW1hX3ZlcnNpb24iOiIxIn0=",
          "dependencies": [
            "aws_vpc.vpc_ecs"
          ]
        }
      ]
    },
    {
      "mode": "managed",
      "type": "aws_security_group",
      "name": "rds_sg",
      "provider": "provider[\"registry.terraform.io/hashicorp/aws\"]",
      "instances": [
        {
          "schema_version": 1,
          "attributes": {
            "arn": "arn:aws:ec2:ap-south-1:980053569612:security-group/sg-0943c9f5367a7a942",
            "description": "Managed by Terraform",
            "egress": [
              {
                "cidr_blocks": [
                  "0.0.0.0/0"
                ],
                "description": "",
                "from_port": 0,
                "ipv6_cidr_blocks": [],
                "prefix_list_ids": [],
                "protocol": "tcp",
                "security_groups": [],
                "self": false,
                "to_port": 65535
              }
            ],
            "id": "sg-0943c9f5367a7a942",
            "ingress": [
              {
                "cidr_blocks": [
                  "0.0.0.0/0"
                ],
                "description": "",
                "from_port": 3306,
                "ipv6_cidr_blocks": [],
                "prefix_list_ids": [],
                "protocol": "tcp",
                "security_groups": [
                  "sg-0d02e99fb57cd5a3a"
                ],
                "self": false,
                "to_port": 3306
              }
            ],
            "name": "terraform-20230711044741907300000007",
            "name_prefix": "terraform-",
            "owner_id": "980053569612",
            "revoke_rules_on_delete": false,
            "tags": {
              "Name": "rds_sg"
            },
            "tags_all": {
              "Name": "rds_sg"
            },
            "timeouts": null,
            "vpc_id": "vpc-06c0bdc427d6ecffd"
          },
          "sensitive_attributes": [],
          "private": "eyJlMmJmYjczMC1lY2FhLTExZTYtOGY4OC0zNDM2M2JjN2M0YzAiOnsiY3JlYXRlIjo2MDAwMDAwMDAwMDAsImRlbGV0ZSI6OTAwMDAwMDAwMDAwfSwic2NoZW1hX3ZlcnNpb24iOiIxIn0=",
          "dependencies": [
            "aws_security_group.ecs_sg",
            "aws_vpc.vpc_ecs"
          ]
        }
      ]
    },
    {
      "mode": "managed",
      "type": "aws_security_group",
      "name": "service_security_group",
      "provider": "provider[\"registry.terraform.io/hashicorp/aws\"]",
      "instances": [
        {
          "schema_version": 1,
          "attributes": {
            "arn": "arn:aws:ec2:ap-south-1:980053569612:security-group/sg-0e65efcef088ea941",
            "description": "Managed by Terraform",
            "egress": [
              {
                "cidr_blocks": [
                  "0.0.0.0/0"
                ],
                "description": "",
                "from_port": 0,
                "ipv6_cidr_blocks": [],
                "prefix_list_ids": [],
                "protocol": "tcp",
                "security_groups": [],
                "self": false,
                "to_port": 80
              }
            ],
            "id": "sg-0e65efcef088ea941",
            "ingress": [
              {
                "cidr_blocks": [
                  "0.0.0.0/0"
                ],
                "description": "",
                "from_port": 8080,
                "ipv6_cidr_blocks": [],
                "prefix_list_ids": [],
                "protocol": "tcp",
                "security_groups": [
                  "sg-001824111a64ef081"
                ],
                "self": false,
                "to_port": 8080
              }
            ],
            "name": "terraform-20230711044741903500000005",
            "name_prefix": "terraform-",
            "owner_id": "980053569612",
            "revoke_rules_on_delete": false,
            "tags": {
              "Name": "service-sg"
            },
            "tags_all": {
              "Name": "service-sg"
            },
            "timeouts": null,
            "vpc_id": "vpc-06c0bdc427d6ecffd"
          },
          "sensitive_attributes": [],
          "private": "eyJlMmJmYjczMC1lY2FhLTExZTYtOGY4OC0zNDM2M2JjN2M0YzAiOnsiY3JlYXRlIjo2MDAwMDAwMDAwMDAsImRlbGV0ZSI6OTAwMDAwMDAwMDAwfSwic2NoZW1hX3ZlcnNpb24iOiIxIn0=",
          "dependencies": [
            "aws_security_group.internal_load_sg",
            "aws_vpc.vpc_ecs"
          ]
        }
      ]
    },
    {
      "mode": "managed",
      "type": "aws_subnet",
      "name": "ecs_private_subnet",
      "provider": "provider[\"registry.terraform.io/hashicorp/aws\"]",
      "instances": [
        {
          "index_key": 0,
          "schema_version": 1,
          "attributes": {
            "arn": "arn:aws:ec2:ap-south-1:980053569612:subnet/subnet-048910affa417184d",
            "assign_ipv6_address_on_creation": false,
            "availability_zone": "ap-south-1a",
            "availability_zone_id": "aps1-az1",
            "cidr_block": "10.13.3.0/24",
            "customer_owned_ipv4_pool": "",
            "enable_dns64": false,
            "enable_lni_at_device_index": 0,
            "enable_resource_name_dns_a_record_on_launch": false,
            "enable_resource_name_dns_aaaa_record_on_launch": false,
            "id": "subnet-048910affa417184d",
            "ipv6_cidr_block": "",
            "ipv6_cidr_block_association_id": "",
            "ipv6_native": false,
            "map_customer_owned_ip_on_launch": false,
            "map_public_ip_on_launch": true,
            "outpost_arn": "",
            "owner_id": "980053569612",
            "private_dns_hostname_type_on_launch": "ip-name",
            "tags": {
              "Name": "ecs_private_subnet-1"
            },
            "tags_all": {
              "Name": "ecs_private_subnet-1"
            },
            "timeouts": null,
            "vpc_id": "vpc-06c0bdc427d6ecffd"
          },
          "sensitive_attributes": [],
          "private": "eyJlMmJmYjczMC1lY2FhLTExZTYtOGY4OC0zNDM2M2JjN2M0YzAiOnsiY3JlYXRlIjo2MDAwMDAwMDAwMDAsImRlbGV0ZSI6MTIwMDAwMDAwMDAwMH0sInNjaGVtYV92ZXJzaW9uIjoiMSJ9",
          "dependencies": [
            "aws_vpc.vpc_ecs"
          ]
        },
        {
          "index_key": 1,
          "schema_version": 1,
          "attributes": {
            "arn": "arn:aws:ec2:ap-south-1:980053569612:subnet/subnet-04a4f16cf4e0fe8e2",
            "assign_ipv6_address_on_creation": false,
            "availability_zone": "ap-south-1c",
            "availability_zone_id": "aps1-az2",
            "cidr_block": "10.13.4.0/24",
            "customer_owned_ipv4_pool": "",
            "enable_dns64": false,
            "enable_lni_at_device_index": 0,
            "enable_resource_name_dns_a_record_on_launch": false,
            "enable_resource_name_dns_aaaa_record_on_launch": false,
            "id": "subnet-04a4f16cf4e0fe8e2",
            "ipv6_cidr_block": "",
            "ipv6_cidr_block_association_id": "",
            "ipv6_native": false,
            "map_customer_owned_ip_on_launch": false,
            "map_public_ip_on_launch": true,
            "outpost_arn": "",
            "owner_id": "980053569612",
            "private_dns_hostname_type_on_launch": "ip-name",
            "tags": {
              "Name": "ecs_private_subnet-2"
            },
            "tags_all": {
              "Name": "ecs_private_subnet-2"
            },
            "timeouts": null,
            "vpc_id": "vpc-06c0bdc427d6ecffd"
          },
          "sensitive_attributes": [],
          "private": "eyJlMmJmYjczMC1lY2FhLTExZTYtOGY4OC0zNDM2M2JjN2M0YzAiOnsiY3JlYXRlIjo2MDAwMDAwMDAwMDAsImRlbGV0ZSI6MTIwMDAwMDAwMDAwMH0sInNjaGVtYV92ZXJzaW9uIjoiMSJ9",
          "dependencies": [
            "aws_vpc.vpc_ecs"
          ]
        }
      ]
    },
    {
      "mode": "managed",
      "type": "aws_subnet",
      "name": "ecs_public_subnet",
      "provider": "provider[\"registry.terraform.io/hashicorp/aws\"]",
      "instances": [
        {
          "index_key": 0,
          "schema_version": 1,
          "attributes": {
            "arn": "arn:aws:ec2:ap-south-1:980053569612:subnet/subnet-0a2c1673f763b769d",
            "assign_ipv6_address_on_creation": false,
            "availability_zone": "ap-south-1a",
            "availability_zone_id": "aps1-az1",
            "cidr_block": "10.13.1.0/24",
            "customer_owned_ipv4_pool": "",
            "enable_dns64": false,
            "enable_lni_at_device_index": 0,
            "enable_resource_name_dns_a_record_on_launch": false,
            "enable_resource_name_dns_aaaa_record_on_launch": false,
            "id": "subnet-0a2c1673f763b769d",
            "ipv6_cidr_block": "",
            "ipv6_cidr_block_association_id": "",
            "ipv6_native": false,
            "map_customer_owned_ip_on_launch": false,
            "map_public_ip_on_launch": true,
            "outpost_arn": "",
            "owner_id": "980053569612",
            "private_dns_hostname_type_on_launch": "ip-name",
            "tags": {
              "Name": "ecs_public_subnet-1"
            },
            "tags_all": {
              "Name": "ecs_public_subnet-1"
            },
            "timeouts": null,
            "vpc_id": "vpc-06c0bdc427d6ecffd"
          },
          "sensitive_attributes": [],
          "private": "eyJlMmJmYjczMC1lY2FhLTExZTYtOGY4OC0zNDM2M2JjN2M0YzAiOnsiY3JlYXRlIjo2MDAwMDAwMDAwMDAsImRlbGV0ZSI6MTIwMDAwMDAwMDAwMH0sInNjaGVtYV92ZXJzaW9uIjoiMSJ9",
          "dependencies": [
            "aws_vpc.vpc_ecs"
          ]
        },
        {
          "index_key": 1,
          "schema_version": 1,
          "attributes": {
            "arn": "arn:aws:ec2:ap-south-1:980053569612:subnet/subnet-0cc99c7dac0c308a0",
            "assign_ipv6_address_on_creation": false,
            "availability_zone": "ap-south-1c",
            "availability_zone_id": "aps1-az2",
            "cidr_block": "10.13.2.0/24",
            "customer_owned_ipv4_pool": "",
            "enable_dns64": false,
            "enable_lni_at_device_index": 0,
            "enable_resource_name_dns_a_record_on_launch": false,
            "enable_resource_name_dns_aaaa_record_on_launch": false,
            "id": "subnet-0cc99c7dac0c308a0",
            "ipv6_cidr_block": "",
            "ipv6_cidr_block_association_id": "",
            "ipv6_native": false,
            "map_customer_owned_ip_on_launch": false,
            "map_public_ip_on_launch": true,
            "outpost_arn": "",
            "owner_id": "980053569612",
            "private_dns_hostname_type_on_launch": "ip-name",
            "tags": {
              "Name": "ecs_public_subnet-2"
            },
            "tags_all": {
              "Name": "ecs_public_subnet-2"
            },
            "timeouts": null,
            "vpc_id": "vpc-06c0bdc427d6ecffd"
          },
          "sensitive_attributes": [],
          "private": "eyJlMmJmYjczMC1lY2FhLTExZTYtOGY4OC0zNDM2M2JjN2M0YzAiOnsiY3JlYXRlIjo2MDAwMDAwMDAwMDAsImRlbGV0ZSI6MTIwMDAwMDAwMDAwMH0sInNjaGVtYV92ZXJzaW9uIjoiMSJ9",
          "dependencies": [
            "aws_vpc.vpc_ecs"
          ]
        }
      ]
    },
    {
      "mode": "managed",
      "type": "aws_vpc",
      "name": "vpc_ecs",
      "provider": "provider[\"registry.terraform.io/hashicorp/aws\"]",
      "instances": [
        {
          "schema_version": 1,
          "attributes": {
            "arn": "arn:aws:ec2:ap-south-1:980053569612:vpc/vpc-06c0bdc427d6ecffd",
            "assign_generated_ipv6_cidr_block": false,
            "cidr_block": "10.13.0.0/16",
            "default_network_acl_id": "acl-092064cce1b805766",
            "default_route_table_id": "rtb-0da6d67799b631caf",
            "default_security_group_id": "sg-082a8088a8f579d47",
            "dhcp_options_id": "dopt-089f51124e80b24ed",
            "enable_dns_hostnames": true,
            "enable_dns_support": true,
            "enable_network_address_usage_metrics": false,
            "id": "vpc-06c0bdc427d6ecffd",
            "instance_tenancy": "default",
            "ipv4_ipam_pool_id": null,
            "ipv4_netmask_length": null,
            "ipv6_association_id": "",
            "ipv6_cidr_block": "",
            "ipv6_cidr_block_network_border_group": "",
            "ipv6_ipam_pool_id": "",
            "ipv6_netmask_length": 0,
            "main_route_table_id": "rtb-0da6d67799b631caf",
            "owner_id": "980053569612",
            "tags": {
              "Name": "vpc_ecs"
            },
            "tags_all": {
              "Name": "vpc_ecs"
            }
          },
          "sensitive_attributes": [],
          "private": "eyJzY2hlbWFfdmVyc2lvbiI6IjEifQ=="
        }
      ]
    }
  ],
  "check_results": null
}
